
Microsoft Visual Studio Solution File, Format Version 12.00
# Visual Studio Version 17
VisualStudioVersion = 17.7.33711.374
MinimumVisualStudioVersion = 10.0.40219.1
Project("{FAE04EC0-301F-11D3-BF4B-00C04F79EFBC}") = "WatchCatalog_MVC", "WatchCatalog_MVC\WatchCatalog_MVC.csproj", "{98011984-7C42-4E2C-8F25-CDA478FF611B}"
EndProject
Global
	GlobalSection(SolutionConfigurationPlatforms) = preSolution
		Debug|Any CPU = Debug|Any CPU
		Release|Any CPU = Release|Any CPU
	EndGlobalSection
	GlobalSection(ProjectConfigurationPlatforms) = postSolution
		{98011984-7C42-4E2C-8F25-CDA478FF611B}.Debug|Any CPU.ActiveCfg = Debug|Any CPU
		{98011984-7C42-4E2C-8F25-CDA478FF611B}.Debug|Any CPU.Build.0 = Debug|Any CPU
		{98011984-7C42-4E2C-8F25-CDA478FF611B}.Release|Any CPU.ActiveCfg = Release|Any CPU
		{98011984-7C42-4E2C-8F25-CDA478FF611B}.Release|Any CPU.Build.0 = Release|Any CPU
	EndGlobalSection
	GlobalSection(SolutionProperties) = preSolution
		HideSolutionNode = FALSE
	EndGlobalSection
	GlobalSection(ExtensibilityGlobals) = postSolution
		SolutionGuid = {F1E48573-3528-4F33-B615-AB4204A7E697}
	EndGlobalSection
EndGlobal
